// !$*UTF8*$!
{
	archiveVersion = 1;
	classes = {
	};
	objectVersion = 48;
	objects = {

/* Begin PBXBuildFile section */
		2942AFF51F1D728200146702 /* Cocoa.framework in Frameworks */ = {isa = PBXBuildFile; fileRef = 29EBA3B31F1D6F1D00FF9DDD /* Cocoa.framework */; };
		29EBA39E1F1D6F0B00FF9DDD /* XlangFormat.mm in Sources */ = {isa = PBXBuildFile; fileRef = 29EBA39D1F1D6F0B00FF9DDD /* XlangFormat.mm */; };
		29EBA3A31F1D6F0B00FF9DDD /* MainMenu.xib in Resources */ = {isa = PBXBuildFile; fileRef = 29EBA3A11F1D6F0B00FF9DDD /* MainMenu.xib */; };
		29EBA3B41F1D6F1D00FF9DDD /* Cocoa.framework in Frameworks */ = {isa = PBXBuildFile; fileRef = 29EBA3B31F1D6F1D00FF9DDD /* Cocoa.framework */; };
		29EBA3B81F1D6F1D00FF9DDD /* ClangFormatExtension.mm in Sources */ = {isa = PBXBuildFile; fileRef = 29EBA3B71F1D6F1D00FF9DDD /* ClangFormatExtension.mm */; };
		29EBA3BB1F1D6F1D00FF9DDD /* ClangFormatCommand.mm in Sources */ = {isa = PBXBuildFile; fileRef = 29EBA3BA1F1D6F1D00FF9DDD /* ClangFormatCommand.mm */; };
/* End PBXBuildFile section */

/* Begin PBXContainerItemProxy section */
		29EBA3BE1F1D6F1D00FF9DDD /* PBXContainerItemProxy */ = {
			isa = PBXContainerItemProxy;
			containerPortal = 29EBA3911F1D6F0B00FF9DDD /* Project object */;
			proxyType = 1;
			remoteGlobalIDString = 29EBA3B01F1D6F1D00FF9DDD;
			remoteInfo = "clang-format";
		};
/* End PBXContainerItemProxy section */

/* Begin PBXFileReference section */
		290E54E91F1FE42300561739 /* config.xcconfig */ = {isa = PBXFileReference; lastKnownFileType = text.xcconfig; name = config.xcconfig; path = XcodeClangFormat.xcodeproj/config.xcconfig; sourceTree = SOURCE_ROOT; };
		29EBA3991F1D6F0B00FF9DDD /* XcodeClangFormat.app */ = {isa = PBXFileReference; explicitFileType = wrapper.application; includeInIndex = 0; path = XcodeClangFormat.app; sourceTree = BUILT_PRODUCTS_DIR; };
		29EBA39D1F1D6F0B00FF9DDD /* XlangFormat.mm */ = {isa = PBXFileReference; lastKnownFileType = sourcecode.cpp.objcpp; path = XlangFormat.mm; sourceTree = "<group>"; };
		29EBA3A21F1D6F0B00FF9DDD /* Base */ = {isa = PBXFileReference; lastKnownFileType = file.xib; name = Base; path = Base.lproj/MainMenu.xib; sourceTree = "<group>"; };
		29EBA3A41F1D6F0B00FF9DDD /* XcodeClangFormat-Info.plist */ = {isa = PBXFileReference; lastKnownFileType = text.plist.xml; path = "XcodeClangFormat-Info.plist"; sourceTree = "<group>"; };
		29EBA3A71F1D6F0B00FF9DDD /* XcodeClangFormat.entitlements */ = {isa = PBXFileReference; lastKnownFileType = text.plist.entitlements; path = XcodeClangFormat.entitlements; sourceTree = "<group>"; };
		29EBA3B11F1D6F1D00FF9DDD /* clang-format.appex */ = {isa = PBXFileReference; explicitFileType = "wrapper.app-extension"; includeInIndex = 0; path = "clang-format.appex"; sourceTree = BUILT_PRODUCTS_DIR; };
		29EBA3B31F1D6F1D00FF9DDD /* Cocoa.framework */ = {isa = PBXFileReference; lastKnownFileType = wrapper.framework; name = Cocoa.framework; path = System/Library/Frameworks/Cocoa.framework; sourceTree = SDKROOT; };
		29EBA3B71F1D6F1D00FF9DDD /* ClangFormatExtension.mm */ = {isa = PBXFileReference; lastKnownFileType = sourcecode.cpp.objcpp; path = ClangFormatExtension.mm; sourceTree = "<group>"; };
		29EBA3BA1F1D6F1D00FF9DDD /* ClangFormatCommand.mm */ = {isa = PBXFileReference; lastKnownFileType = sourcecode.cpp.objcpp; path = ClangFormatCommand.mm; sourceTree = "<group>"; };
		29EBA3BC1F1D6F1D00FF9DDD /* clang-format-Info.plist */ = {isa = PBXFileReference; lastKnownFileType = text.plist.xml; path = "clang-format-Info.plist"; sourceTree = "<group>"; };
/* End PBXFileReference section */

/* Begin PBXFrameworksBuildPhase section */
		29EBA3961F1D6F0B00FF9DDD /* Frameworks */ = {
			isa = PBXFrameworksBuildPhase;
			buildActionMask = 2147483647;
			files = (
				2942AFF51F1D728200146702 /* Cocoa.framework in Frameworks */,
			);
			runOnlyForDeploymentPostprocessing = 0;
		};
		29EBA3AE1F1D6F1D00FF9DDD /* Frameworks */ = {
			isa = PBXFrameworksBuildPhase;
			buildActionMask = 2147483647;
			files = (
				29EBA3B41F1D6F1D00FF9DDD /* Cocoa.framework in Frameworks */,
			);
			runOnlyForDeploymentPostprocessing = 0;
		};
/* End PBXFrameworksBuildPhase section */

/* Begin PBXGroup section */
		29EBA3901F1D6F0B00FF9DDD = {
			isa = PBXGroup;
			children = (
				290E54E91F1FE42300561739 /* config.xcconfig */,
				29EBA39B1F1D6F0B00FF9DDD /* src */,
				29EBA3B51F1D6F1D00FF9DDD /* rsrc */,
				29EBA3B21F1D6F1D00FF9DDD /* Frameworks */,
				29EBA39A1F1D6F0B00FF9DDD /* Products */,
			);
			sourceTree = "<group>";
		};
		29EBA39A1F1D6F0B00FF9DDD /* Products */ = {
			isa = PBXGroup;
			children = (
				29EBA3991F1D6F0B00FF9DDD /* XcodeClangFormat.app */,
				29EBA3B11F1D6F1D00FF9DDD /* clang-format.appex */,
			);
			name = Products;
			sourceTree = "<group>";
		};
		29EBA39B1F1D6F0B00FF9DDD /* src */ = {
			isa = PBXGroup;
			children = (
				29EBA39D1F1D6F0B00FF9DDD /* XlangFormat.mm */,
				29EBA3B71F1D6F1D00FF9DDD /* ClangFormatExtension.mm */,
				29EBA3BA1F1D6F1D00FF9DDD /* ClangFormatCommand.mm */,
			);
			path = src;
			sourceTree = SOURCE_ROOT;
		};
		29EBA3B21F1D6F1D00FF9DDD /* Frameworks */ = {
			isa = PBXGroup;
			children = (
				29EBA3B31F1D6F1D00FF9DDD /* Cocoa.framework */,
			);
			name = Frameworks;
			sourceTree = "<group>";
		};
		29EBA3B51F1D6F1D00FF9DDD /* rsrc */ = {
			isa = PBXGroup;
			children = (
				29EBA3A41F1D6F0B00FF9DDD /* XcodeClangFormat-Info.plist */,
				29EBA3A71F1D6F0B00FF9DDD /* XcodeClangFormat.entitlements */,
				29EBA3A11F1D6F0B00FF9DDD /* MainMenu.xib */,
				29EBA3BC1F1D6F1D00FF9DDD /* clang-format-Info.plist */,
			);
			path = rsrc;
			sourceTree = "<group>";
		};
/* End PBXGroup section */

/* Begin PBXNativeTarget section */
		29EBA3981F1D6F0B00FF9DDD /* XcodeClangFormat */ = {
			isa = PBXNativeTarget;
			buildConfigurationList = 29EBA3AA1F1D6F0B00FF9DDD /* Build configuration list for PBXNativeTarget "XcodeClangFormat" */;
			buildPhases = (
				290E54E81F1FE3A000561739 /* ShellScript */,
				29EBA3951F1D6F0B00FF9DDD /* Sources */,
				29EBA3961F1D6F0B00FF9DDD /* Frameworks */,
				29EBA3971F1D6F0B00FF9DDD /* Resources */,
			);
			buildRules = (
			);
			dependencies = (
				29EBA3BF1F1D6F1D00FF9DDD /* PBXTargetDependency */,
			);
			name = XcodeClangFormat;
			productName = XlangFormat;
			productReference = 29EBA3991F1D6F0B00FF9DDD /* XcodeClangFormat.app */;
			productType = "com.apple.product-type.application";
		};
		29EBA3B01F1D6F1D00FF9DDD /* clang-format */ = {
			isa = PBXNativeTarget;
			buildConfigurationList = 29EBA3C11F1D6F1D00FF9DDD /* Build configuration list for PBXNativeTarget "clang-format" */;
			buildPhases = (
				29EBA3AD1F1D6F1D00FF9DDD /* Sources */,
				29EBA3AE1F1D6F1D00FF9DDD /* Frameworks */,
				29EBA3AF1F1D6F1D00FF9DDD /* Resources */,
			);
			buildRules = (
			);
			dependencies = (
			);
			name = "clang-format";
			productName = "clang-format";
			productReference = 29EBA3B11F1D6F1D00FF9DDD /* clang-format.appex */;
			productType = "com.apple.product-type.xcode-extension";
		};
/* End PBXNativeTarget section */

/* Begin PBXProject section */
		29EBA3911F1D6F0B00FF9DDD /* Project object */ = {
			isa = PBXProject;
			attributes = {
				LastUpgradeCheck = 0900;
				ORGANIZATIONNAME = greyangle;
				TargetAttributes = {
					29EBA3981F1D6F0B00FF9DDD = {
						CreatedOnToolsVersion = 9.0;
						SystemCapabilities = {
							com.apple.ApplicationGroups.Mac = {
								enabled = 1;
							};
						};
					};
					29EBA3B01F1D6F1D00FF9DDD = {
						CreatedOnToolsVersion = 9.0;
						SystemCapabilities = {
							com.apple.ApplicationGroups.Mac = {
								enabled = 1;
							};
							com.apple.Sandbox = {
								enabled = 1;
							};
						};
					};
				};
			};
			buildConfigurationList = 29EBA3941F1D6F0B00FF9DDD /* Build configuration list for PBXProject "XcodeClangFormat" */;
			compatibilityVersion = "Xcode 8.0";
			developmentRegion = en;
			hasScannedForEncodings = 0;
			knownRegions = (
				en,
				Base,
			);
			mainGroup = 29EBA3901F1D6F0B00FF9DDD;
			productRefGroup = 29EBA39A1F1D6F0B00FF9DDD /* Products */;
			projectDirPath = "";
			projectRoot = "";
			targets = (
				29EBA3981F1D6F0B00FF9DDD /* XcodeClangFormat */,
				29EBA3B01F1D6F1D00FF9DDD /* clang-format */,
			);
		};
/* End PBXProject section */

/* Begin PBXResourcesBuildPhase section */
		29EBA3971F1D6F0B00FF9DDD /* Resources */ = {
			isa = PBXResourcesBuildPhase;
			buildActionMask = 2147483647;
			files = (
				29EBA3A31F1D6F0B00FF9DDD /* MainMenu.xib in Resources */,
			);
			runOnlyForDeploymentPostprocessing = 0;
		};
		29EBA3AF1F1D6F1D00FF9DDD /* Resources */ = {
			isa = PBXResourcesBuildPhase;
			buildActionMask = 2147483647;
			files = (
			);
			runOnlyForDeploymentPostprocessing = 0;
		};
/* End PBXResourcesBuildPhase section */

/* Begin PBXShellScriptBuildPhase section */
		290E54E81F1FE3A000561739 /* ShellScript */ = {
			isa = PBXShellScriptBuildPhase;
			buildActionMask = 12;
			files = (
			);
			inputPaths = (
				"$(PROJECT_DIR)/rsrc/LLVM.sh",
				"$(PROJECT_DIR)/rsrc/config.py",
			);
			outputPaths = (
				"$(PROJECT_FILE_PATH)/config.xcconfig",
			);
			runOnlyForDeploymentPostprocessing = 0;
			shellPath = /bin/sh;
			shellScript = "ORIGIN=$(git config --get remote.origin.url)\nif [ -z \"$ORIGIN\" ]; then\n  for REMOTE in $(git remote show); do\n    ORIGIN=$(git config --get remote.${REMOTE}.url)\n    if [[ ! -z \"$ORIGIN\" ]]; then\n      break;\n    fi\n  done\nfi\n\n$PROJECT_DIR/rsrc/LLVM.sh > \"${SCRIPT_OUTPUT_FILE_0}\"\necho \"\" >> \"${SCRIPT_OUTPUT_FILE_0}\"\n$PROJECT_DIR/rsrc/config.py \"$ORIGIN\" $(git log --pretty=format:'%h' -n 1) >> \"${SCRIPT_OUTPUT_FILE_0}\"\n#touch \"${PROJECT_DIR}/rsrc/Base.lproj/MainMenu.xib\"\n";
			showEnvVarsInLog = 0;
		};
/* End PBXShellScriptBuildPhase section */

/* Begin PBXSourcesBuildPhase section */
		29EBA3951F1D6F0B00FF9DDD /* Sources */ = {
			isa = PBXSourcesBuildPhase;
			buildActionMask = 2147483647;
			files = (
				29EBA39E1F1D6F0B00FF9DDD /* XlangFormat.mm in Sources */,
			);
			runOnlyForDeploymentPostprocessing = 0;
		};
		29EBA3AD1F1D6F1D00FF9DDD /* Sources */ = {
			isa = PBXSourcesBuildPhase;
			buildActionMask = 2147483647;
			files = (
				29EBA3B81F1D6F1D00FF9DDD /* ClangFormatExtension.mm in Sources */,
				29EBA3BB1F1D6F1D00FF9DDD /* ClangFormatCommand.mm in Sources */,
			);
			runOnlyForDeploymentPostprocessing = 0;
		};
/* End PBXSourcesBuildPhase section */

/* Begin PBXTargetDependency section */
		29EBA3BF1F1D6F1D00FF9DDD /* PBXTargetDependency */ = {
			isa = PBXTargetDependency;
			target = 29EBA3B01F1D6F1D00FF9DDD /* clang-format */;
			targetProxy = 29EBA3BE1F1D6F1D00FF9DDD /* PBXContainerItemProxy */;
		};
/* End PBXTargetDependency section */

/* Begin PBXVariantGroup section */
		29EBA3A11F1D6F0B00FF9DDD /* MainMenu.xib */ = {
			isa = PBXVariantGroup;
			children = (
				29EBA3A21F1D6F0B00FF9DDD /* Base */,
			);
			name = MainMenu.xib;
			sourceTree = "<group>";
		};
/* End PBXVariantGroup section */

/* Begin XCBuildConfiguration section */
		29EBA3A81F1D6F0B00FF9DDD /* Debug */ = {
			isa = XCBuildConfiguration;
			baseConfigurationReference = 290E54E91F1FE42300561739 /* config.xcconfig */;
			buildSettings = {
				ALWAYS_SEARCH_USER_PATHS = NO;
				CLANG_ANALYZER_NONNULL = YES;
				CLANG_ANALYZER_NUMBER_OBJECT_CONVERSION = YES_AGGRESSIVE;
				CLANG_CXX_LANGUAGE_STANDARD = "c++14";
				CLANG_ENABLE_OBJC_ARC = YES;
				CLANG_WARN_BLOCK_CAPTURE_AUTORELEASING = YES;
				CLANG_WARN_BOOL_CONVERSION = YES;
				CLANG_WARN_COMMA = YES;
				CLANG_WARN_CONSTANT_CONVERSION = YES;
				CLANG_WARN_DIRECT_OBJC_ISA_USAGE = YES_ERROR;
				CLANG_WARN_DOCUMENTATION_COMMENTS = YES;
				CLANG_WARN_EMPTY_BODY = YES;
				CLANG_WARN_ENUM_CONVERSION = YES;
				CLANG_WARN_INFINITE_RECURSION = YES;
				CLANG_WARN_INT_CONVERSION = YES;
				CLANG_WARN_NON_LITERAL_NULL_CONVERSION = YES;
				CLANG_WARN_OBJC_LITERAL_CONVERSION = YES;
				CLANG_WARN_OBJC_ROOT_CLASS = YES_ERROR;
				CLANG_WARN_RANGE_LOOP_ANALYSIS = YES;
				CLANG_WARN_STRICT_PROTOTYPES = YES;
				CLANG_WARN_SUSPICIOUS_MOVE = YES;
				CLANG_WARN_UNGUARDED_AVAILABILITY = YES_AGGRESSIVE;
				CLANG_WARN_UNREACHABLE_CODE = YES;
				CLANG_WARN__DUPLICATE_METHOD_MATCH = YES;
				CODE_SIGN_ENTITLEMENTS = "rsrc/$(PROJECT_NAME).entitlements";
				CODE_SIGN_IDENTITY = "Mac Developer";
				COPY_PHASE_STRIP = NO;
				DEBUG_INFORMATION_FORMAT = "dwarf-with-dsym";
				DEVELOPMENT_TEAM = CGDS99ALC5;
				ENABLE_STRICT_OBJC_MSGSEND = YES;
				ENABLE_TESTABILITY = YES;
				GCC_C_LANGUAGE_STANDARD = c11;
				GCC_DYNAMIC_NO_PIC = NO;
				GCC_NO_COMMON_BLOCKS = YES;
				GCC_OPTIMIZATION_LEVEL = 0;
				GCC_PREPROCESSOR_DEFINITIONS = (
					"$(inherited)",
					"PROJECT_IDENTIFIER=@\\\"$(PROJECT_IDENTIFIER)\\\"",
					"NS_STRING_ENUM=",
				);
				GCC_TREAT_WARNINGS_AS_ERRORS = YES;
				GCC_WARN_ABOUT_RETURN_TYPE = YES_ERROR;
				GCC_WARN_UNDECLARED_SELECTOR = YES;
				GCC_WARN_UNINITIALIZED_AUTOS = YES_AGGRESSIVE;
				GCC_WARN_UNUSED_FUNCTION = YES;
				GCC_WARN_UNUSED_VARIABLE = YES;
				HEADER_SEARCH_PATHS = (
					"$(LLVM_INCLUDES)",
					"$(LLVM_LIBDIR)/../include",
				);
				INFOPLIST_FILE = "rsrc/$(TARGET_NAME)-Info.plist";
				LIBRARY_SEARCH_PATHS = "$(LLVM_LIBDIR)";
				MACOSX_DEPLOYMENT_TARGET = 10.12;
				MTL_ENABLE_DEBUG_INFO = YES;
				ONLY_ACTIVE_ARCH = YES;
				OTHER_CPLUSPLUSFLAGS = (
					"$(OTHER_CFLAGS)",
					"$(LLVM_CXXFLAGS)",
				);
				PRODUCT_BUNDLE_IDENTIFIER = "$(ORIGIN_URI)";
				PRODUCT_NAME = "$(TARGET_NAME)";
				SDKROOT = macosx10.13;
				STRIP_INSTALLED_PRODUCT = NO;
			};
			name = Debug;
		};
		29EBA3A91F1D6F0B00FF9DDD /* Release */ = {
			isa = XCBuildConfiguration;
			baseConfigurationReference = 290E54E91F1FE42300561739 /* config.xcconfig */;
			buildSettings = {
				ALWAYS_SEARCH_USER_PATHS = NO;
				CLANG_ANALYZER_NONNULL = YES;
				CLANG_ANALYZER_NUMBER_OBJECT_CONVERSION = YES_AGGRESSIVE;
				CLANG_CXX_LANGUAGE_STANDARD = "c++14";
				CLANG_ENABLE_OBJC_ARC = YES;
				CLANG_WARN_BLOCK_CAPTURE_AUTORELEASING = YES;
				CLANG_WARN_BOOL_CONVERSION = YES;
				CLANG_WARN_COMMA = YES;
				CLANG_WARN_CONSTANT_CONVERSION = YES;
				CLANG_WARN_DIRECT_OBJC_ISA_USAGE = YES_ERROR;
				CLANG_WARN_DOCUMENTATION_COMMENTS = YES;
				CLANG_WARN_EMPTY_BODY = YES;
				CLANG_WARN_ENUM_CONVERSION = YES;
				CLANG_WARN_INFINITE_RECURSION = YES;
				CLANG_WARN_INT_CONVERSION = YES;
				CLANG_WARN_NON_LITERAL_NULL_CONVERSION = YES;
				CLANG_WARN_OBJC_LITERAL_CONVERSION = YES;
				CLANG_WARN_OBJC_ROOT_CLASS = YES_ERROR;
				CLANG_WARN_RANGE_LOOP_ANALYSIS = YES;
				CLANG_WARN_STRICT_PROTOTYPES = YES;
				CLANG_WARN_SUSPICIOUS_MOVE = YES;
				CLANG_WARN_UNGUARDED_AVAILABILITY = YES_AGGRESSIVE;
				CLANG_WARN_UNREACHABLE_CODE = YES;
				CLANG_WARN__DUPLICATE_METHOD_MATCH = YES;
				CODE_SIGN_ENTITLEMENTS = "rsrc/$(PROJECT_NAME).entitlements";
				CODE_SIGN_IDENTITY = "Mac Developer";
				DEVELOPMENT_TEAM = CGDS99ALC5;
				ENABLE_NS_ASSERTIONS = NO;
				ENABLE_STRICT_OBJC_MSGSEND = YES;
				GCC_C_LANGUAGE_STANDARD = c11;
				GCC_NO_COMMON_BLOCKS = YES;
				GCC_PREPROCESSOR_DEFINITIONS = (
					"$(inherited)",
					"PROJECT_IDENTIFIER=@\\\"$(PROJECT_IDENTIFIER)\\\"",
					"NDEBUG=1",
					"NS_STRING_ENUM=",
				);
				GCC_TREAT_WARNINGS_AS_ERRORS = YES;
				GCC_WARN_ABOUT_RETURN_TYPE = YES_ERROR;
				GCC_WARN_UNDECLARED_SELECTOR = YES;
				GCC_WARN_UNINITIALIZED_AUTOS = YES_AGGRESSIVE;
				GCC_WARN_UNUSED_FUNCTION = YES;
				GCC_WARN_UNUSED_VARIABLE = YES;
				HEADER_SEARCH_PATHS = (
					"$(LLVM_INCLUDES)",
					"$(LLVM_LIBDIR)/../include",
				);
				INFOPLIST_FILE = "rsrc/$(TARGET_NAME)-Info.plist";
				LIBRARY_SEARCH_PATHS = "$(LLVM_LIBDIR)";
				MACOSX_DEPLOYMENT_TARGET = 10.12;
				MTL_ENABLE_DEBUG_INFO = NO;
				OTHER_CPLUSPLUSFLAGS = (
					"$(OTHER_CFLAGS)",
					"$(LLVM_CXXFLAGS)",
				);
				PRODUCT_BUNDLE_IDENTIFIER = "$(ORIGIN_URI)";
				PRODUCT_NAME = "$(TARGET_NAME)";
				SDKROOT = macosx10.13;
			};
			name = Release;
		};
		29EBA3AB1F1D6F0B00FF9DDD /* Debug */ = {
			isa = XCBuildConfiguration;
			buildSettings = {
			};
			name = Debug;
		};
		29EBA3AC1F1D6F0B00FF9DDD /* Release */ = {
			isa = XCBuildConfiguration;
			buildSettings = {
			};
			name = Release;
		};
		29EBA3C21F1D6F1D00FF9DDD /* Debug */ = {
			isa = XCBuildConfiguration;
			buildSettings = {
				CONFIGURATION_BUILD_DIR = "$(BUILD_DIR)/$(CONFIGURATION)$(EFFECTIVE_PLATFORM_NAME)/$(PROJECT_NAME).app/Contents/PlugIns";
				LD_RUNPATH_SEARCH_PATHS = "$(LLVM_LIB)";
				OTHER_LDFLAGS = (
					"-lLLVMCore",
					"-lLLVMSupport",
					"-lLLVMDemangle",
					"-lclangBasic",
					"-lclangLex",
					"-lclangToolingCore",
					"-lclangRewrite",
					"-lclangFormat",
					"-lncurses",
				);
				PRODUCT_BUNDLE_IDENTIFIER = "$(inherited).$(TARGET_NAME)";
			};
			name = Debug;
		};
		29EBA3C31F1D6F1D00FF9DDD /* Release */ = {
			isa = XCBuildConfiguration;
			buildSettings = {
				CONFIGURATION_BUILD_DIR = "$(BUILD_DIR)/$(CONFIGURATION)$(EFFECTIVE_PLATFORM_NAME)/$(PROJECT_NAME).app/Contents/PlugIns";
				LD_RUNPATH_SEARCH_PATHS = "$(LLVM_LIB)";
				OTHER_LDFLAGS = (
					"-lLLVMCore",
					"-lLLVMSupport",
					"-lLLVMDemangle",
					"-lclangBasic",
					"-lclangLex",
					"-lclangToolingCore",
					"-lclangRewrite",
					"-lclangFormat",
					"-lncurses",
				);
				PRODUCT_BUNDLE_IDENTIFIER = "$(inherited).$(TARGET_NAME)";
			};
			name = Release;
		};
/* End XCBuildConfiguration section */

/* Begin XCConfigurationList section */
		29EBA3941F1D6F0B00FF9DDD /* Build configuration list for PBXProject "XcodeClangFormat" */ = {
			isa = XCConfigurationList;
			buildConfigurations = (
				29EBA3A81F1D6F0B00FF9DDD /* Debug */,
				29EBA3A91F1D6F0B00FF9DDD /* Release */,
			);
			defaultConfigurationIsVisible = 0;
			defaultConfigurationName = Release;
		};
		29EBA3AA1F1D6F0B00FF9DDD /* Build configuration list for PBXNativeTarget "XcodeClangFormat" */ = {
			isa = XCConfigurationList;
			buildConfigurations = (
				29EBA3AB1F1D6F0B00FF9DDD /* Debug */,
				29EBA3AC1F1D6F0B00FF9DDD /* Release */,
			);
			defaultConfigurationIsVisible = 0;
			defaultConfigurationName = Release;
		};
		29EBA3C11F1D6F1D00FF9DDD /* Build configuration list for PBXNativeTarget "clang-format" */ = {
			isa = XCConfigurationList;
			buildConfigurations = (
				29EBA3C21F1D6F1D00FF9DDD /* Debug */,
				29EBA3C31F1D6F1D00FF9DDD /* Release */,
			);
			defaultConfigurationIsVisible = 0;
			defaultConfigurationName = Release;
		};
/* End XCConfigurationList section */
	};
	rootObject = 29EBA3911F1D6F0B00FF9DDD /* Project object */;
}
